// !$*UTF8*$!
{
	archiveVersion = 1;
	classes = {
	};
	objectVersion = 46;
	objects = {

/* Begin PBXBuildFile section */
		7F39FD781A90ECA5004C7C09 /* AppDelegate.swift in Sources */ = {isa = PBXBuildFile; fileRef = 7F39FD771A90ECA5004C7C09 /* AppDelegate.swift */; };
		7F39FD7A1A90ECA5004C7C09 /* ViewController.swift in Sources */ = {isa = PBXBuildFile; fileRef = 7F39FD791A90ECA5004C7C09 /* ViewController.swift */; };
		7F39FD7D1A90ECA5004C7C09 /* Main.storyboard in Resources */ = {isa = PBXBuildFile; fileRef = 7F39FD7B1A90ECA5004C7C09 /* Main.storyboard */; };
		7F39FD7F1A90ECA5004C7C09 /* Images.xcassets in Resources */ = {isa = PBXBuildFile; fileRef = 7F39FD7E1A90ECA5004C7C09 /* Images.xcassets */; };
		7F39FD821A90ECA5004C7C09 /* LaunchScreen.xib in Resources */ = {isa = PBXBuildFile; fileRef = 7F39FD801A90ECA5004C7C09 /* LaunchScreen.xib */; };
		7F39FD8E1A90ECA5004C7C09 /* Calculator_MidtermTests.swift in Sources */ = {isa = PBXBuildFile; fileRef = 7F39FD8D1A90ECA5004C7C09 /* Calculator_MidtermTests.swift */; };
		85C292A11A999CE900836507 /* icon72x72@2x.png in Resources */ = {isa = PBXBuildFile; fileRef = 85C292A01A999CE900836507 /* icon72x72@2x.png */; };
/* End PBXBuildFile section */

/* Begin PBXContainerItemProxy section */
		7F39FD881A90ECA5004C7C09 /* PBXContainerItemProxy */ = {
			isa = PBXContainerItemProxy;
			containerPortal = 7F39FD6A1A90ECA5004C7C09 /* Project object */;
			proxyType = 1;
			remoteGlobalIDString = 7F39FD711A90ECA5004C7C09;
			remoteInfo = "Calculator Midterm";
		};
/* End PBXContainerItemProxy section */

/* Begin PBXFileReference section */
		7F39FD721A90ECA5004C7C09 /* Calculator Midterm.app */ = {isa = PBXFileReference; explicitFileType = wrapper.application; includeInIndex = 0; path = "Calculator Midterm.app"; sourceTree = BUILT_PRODUCTS_DIR; };
		7F39FD761A90ECA5004C7C09 /* Info.plist */ = {isa = PBXFileReference; lastKnownFileType = text.plist.xml; path = Info.plist; sourceTree = "<group>"; };
		7F39FD771A90ECA5004C7C09 /* AppDelegate.swift */ = {isa = PBXFileReference; lastKnownFileType = sourcecode.swift; path = AppDelegate.swift; sourceTree = "<group>"; };
		7F39FD791A90ECA5004C7C09 /* ViewController.swift */ = {isa = PBXFileReference; lastKnownFileType = sourcecode.swift; path = ViewController.swift; sourceTree = "<group>"; };
		7F39FD7C1A90ECA5004C7C09 /* Base */ = {isa = PBXFileReference; lastKnownFileType = file.storyboard; name = Base; path = Base.lproj/Main.storyboard; sourceTree = "<group>"; };
		7F39FD7E1A90ECA5004C7C09 /* Images.xcassets */ = {isa = PBXFileReference; lastKnownFileType = folder.assetcatalog; path = Images.xcassets; sourceTree = "<group>"; };
		7F39FD811A90ECA5004C7C09 /* Base */ = {isa = PBXFileReference; lastKnownFileType = file.xib; name = Base; path = Base.lproj/LaunchScreen.xib; sourceTree = "<group>"; };
		7F39FD871A90ECA5004C7C09 /* Calculator MidtermTests.xctest */ = {isa = PBXFileReference; explicitFileType = wrapper.cfbundle; includeInIndex = 0; path = "Calculator MidtermTests.xctest"; sourceTree = BUILT_PRODUCTS_DIR; };
		7F39FD8C1A90ECA5004C7C09 /* Info.plist */ = {isa = PBXFileReference; lastKnownFileType = text.plist.xml; path = Info.plist; sourceTree = "<group>"; };
		7F39FD8D1A90ECA5004C7C09 /* Calculator_MidtermTests.swift */ = {isa = PBXFileReference; lastKnownFileType = sourcecode.swift; path = Calculator_MidtermTests.swift; sourceTree = "<group>"; };
		85C292A01A999CE900836507 /* icon72x72@2x.png */ = {isa = PBXFileReference; lastKnownFileType = image.png; path = "icon72x72@2x.png"; sourceTree = "<group>"; };
		94EE57961A9932CF00E62D28 /* MidtermPlayground.playground */ = {isa = PBXFileReference; lastKnownFileType = file.playground; path = MidtermPlayground.playground; sourceTree = "<group>"; };
/* End PBXFileReference section */

/* Begin PBXFrameworksBuildPhase section */
		7F39FD6F1A90ECA5004C7C09 /* Frameworks */ = {
			isa = PBXFrameworksBuildPhase;
			buildActionMask = 2147483647;
			files = (
			);
			runOnlyForDeploymentPostprocessing = 0;
		};
		7F39FD841A90ECA5004C7C09 /* Frameworks */ = {
			isa = PBXFrameworksBuildPhase;
			buildActionMask = 2147483647;
			files = (
			);
			runOnlyForDeploymentPostprocessing = 0;
		};
/* End PBXFrameworksBuildPhase section */

/* Begin PBXGroup section */
		7F39FD691A90ECA5004C7C09 = {
			isa = PBXGroup;
			children = (
				94EE57961A9932CF00E62D28 /* MidtermPlayground.playground */,
				7F39FD741A90ECA5004C7C09 /* Calculator Midterm */,
				7F39FD8A1A90ECA5004C7C09 /* Calculator MidtermTests */,
				7F39FD731A90ECA5004C7C09 /* Products */,
			);
			sourceTree = "<group>";
		};
		7F39FD731A90ECA5004C7C09 /* Products */ = {
			isa = PBXGroup;
			children = (
				7F39FD721A90ECA5004C7C09 /* Calculator Midterm.app */,
				7F39FD871A90ECA5004C7C09 /* Calculator MidtermTests.xctest */,
			);
			name = Products;
			sourceTree = "<group>";
		};
		7F39FD741A90ECA5004C7C09 /* Calculator Midterm */ = {
			isa = PBXGroup;
			children = (
				7F39FD791A90ECA5004C7C09 /* ViewController.swift */,
				7F39FD7B1A90ECA5004C7C09 /* Main.storyboard */,
				7F39FD751A90ECA5004C7C09 /* Supporting Files */,
			);
			path = "Calculator Midterm";
			sourceTree = "<group>";
		};
		7F39FD751A90ECA5004C7C09 /* Supporting Files */ = {
			isa = PBXGroup;
			children = (
				7F39FD771A90ECA5004C7C09 /* AppDelegate.swift */,
				7F39FD801A90ECA5004C7C09 /* LaunchScreen.xib */,
				7F39FD7E1A90ECA5004C7C09 /* Images.xcassets */,
				85C292A01A999CE900836507 /* icon72x72@2x.png */,
				7F39FD761A90ECA5004C7C09 /* Info.plist */,
			);
			name = "Supporting Files";
			sourceTree = "<group>";
		};
		7F39FD8A1A90ECA5004C7C09 /* Calculator MidtermTests */ = {
			isa = PBXGroup;
			children = (
				7F39FD8D1A90ECA5004C7C09 /* Calculator_MidtermTests.swift */,
				7F39FD8B1A90ECA5004C7C09 /* Supporting Files */,
			);
			path = "Calculator MidtermTests";
			sourceTree = "<group>";
		};
		7F39FD8B1A90ECA5004C7C09 /* Supporting Files */ = {
			isa = PBXGroup;
			children = (
				7F39FD8C1A90ECA5004C7C09 /* Info.plist */,
			);
			name = "Supporting Files";
			sourceTree = "<group>";
		};
/* End PBXGroup section */

/* Begin PBXNativeTarget section */
		7F39FD711A90ECA5004C7C09 /* Calculator Midterm */ = {
			isa = PBXNativeTarget;
			buildConfigurationList = 7F39FD911A90ECA5004C7C09 /* Build configuration list for PBXNativeTarget "Calculator Midterm" */;
			buildPhases = (
				7F39FD6E1A90ECA5004C7C09 /* Sources */,
				7F39FD6F1A90ECA5004C7C09 /* Frameworks */,
				7F39FD701A90ECA5004C7C09 /* Resources */,
			);
			buildRules = (
			);
			dependencies = (
			);
			name = "Calculator Midterm";
			productName = "Calculator Midterm";
			productReference = 7F39FD721A90ECA5004C7C09 /* Calculator Midterm.app */;
			productType = "com.apple.product-type.application";
		};
		7F39FD861A90ECA5004C7C09 /* Calculator MidtermTests */ = {
			isa = PBXNativeTarget;
			buildConfigurationList = 7F39FD941A90ECA5004C7C09 /* Build configuration list for PBXNativeTarget "Calculator MidtermTests" */;
			buildPhases = (
				7F39FD831A90ECA5004C7C09 /* Sources */,
				7F39FD841A90ECA5004C7C09 /* Frameworks */,
				7F39FD851A90ECA5004C7C09 /* Resources */,
			);
			buildRules = (
			);
			dependencies = (
				7F39FD891A90ECA5004C7C09 /* PBXTargetDependency */,
			);
			name = "Calculator MidtermTests";
			productName = "Calculator MidtermTests";
			productReference = 7F39FD871A90ECA5004C7C09 /* Calculator MidtermTests.xctest */;
			productType = "com.apple.product-type.bundle.unit-test";
		};
/* End PBXNativeTarget section */

/* Begin PBXProject section */
		7F39FD6A1A90ECA5004C7C09 /* Project object */ = {
			isa = PBXProject;
			attributes = {
				LastUpgradeCheck = 0610;
				ORGANIZATIONNAME = "Andre Shonubi";
				TargetAttributes = {
					7F39FD711A90ECA5004C7C09 = {
						CreatedOnToolsVersion = 6.1.1;
					};
					7F39FD861A90ECA5004C7C09 = {
						CreatedOnToolsVersion = 6.1.1;
						TestTargetID = 7F39FD711A90ECA5004C7C09;
					};
				};
			};
			buildConfigurationList = 7F39FD6D1A90ECA5004C7C09 /* Build configuration list for PBXProject "Calculator Midterm" */;
			compatibilityVersion = "Xcode 3.2";
			developmentRegion = English;
			hasScannedForEncodings = 0;
			knownRegions = (
				en,
				Base,
			);
			mainGroup = 7F39FD691A90ECA5004C7C09;
			productRefGroup = 7F39FD731A90ECA5004C7C09 /* Products */;
			projectDirPath = "";
			projectRoot = "";
			targets = (
				7F39FD711A90ECA5004C7C09 /* Calculator Midterm */,
				7F39FD861A90ECA5004C7C09 /* Calculator MidtermTests */,
			);
		};
/* End PBXProject section */

/* Begin PBXResourcesBuildPhase section */
		7F39FD701A90ECA5004C7C09 /* Resources */ = {
			isa = PBXResourcesBuildPhase;
			buildActionMask = 2147483647;
			files = (
				85C292A11A999CE900836507 /* icon72x72@2x.png in Resources */,
				7F39FD7D1A90ECA5004C7C09 /* Main.storyboard in Resources */,
				7F39FD821A90ECA5004C7C09 /* LaunchScreen.xib in Resources */,
				7F39FD7F1A90ECA5004C7C09 /* Images.xcassets in Resources */,
			);
			runOnlyForDeploymentPostprocessing = 0;
		};
		7F39FD851A90ECA5004C7C09 /* Resources */ = {
			isa = PBXResourcesBuildPhase;
			buildActionMask = 2147483647;
			files = (
			);
			runOnlyForDeploymentPostprocessing = 0;
		};
/* End PBXResourcesBuildPhase section */

/* Begin PBXSourcesBuildPhase section */
		7F39FD6E1A90ECA5004C7C09 /* Sources */ = {
			isa = PBXSourcesBuildPhase;
			buildActionMask = 2147483647;
			files = (
				7F39FD7A1A90ECA5004C7C09 /* ViewController.swift in Sources */,
				7F39FD781A90ECA5004C7C09 /* AppDelegate.swift in Sources */,
			);
			runOnlyForDeploymentPostprocessing = 0;
		};
		7F39FD831A90ECA5004C7C09 /* Sources */ = {
			isa = PBXSourcesBuildPhase;
			buildActionMask = 2147483647;
			files = (
				7F39FD8E1A90ECA5004C7C09 /* Calculator_MidtermTests.swift in Sources */,
			);
			runOnlyForDeploymentPostprocessing = 0;
		};
/* End PBXSourcesBuildPhase section */

/* Begin PBXTargetDependency section */
		7F39FD891A90ECA5004C7C09 /* PBXTargetDependency */ = {
			isa = PBXTargetDependency;
			target = 7F39FD711A90ECA5004C7C09 /* Calculator Midterm */;
			targetProxy = 7F39FD881A90ECA5004C7C09 /* PBXContainerItemProxy */;
		};
/* End PBXTargetDependency section */

/* Begin PBXVariantGroup section */
		7F39FD7B1A90ECA5004C7C09 /* Main.storyboard */ = {
			isa = PBXVariantGroup;
			children = (
				7F39FD7C1A90ECA5004C7C09 /* Base */,
			);
			name = Main.storyboard;
			sourceTree = "<group>";
		};
		7F39FD801A90ECA5004C7C09 /* LaunchScreen.xib */ = {
			isa = PBXVariantGroup;
			children = (
				7F39FD811A90ECA5004C7C09 /* Base */,
			);
			name = LaunchScreen.xib;
			sourceTree = "<group>";
		};
/* End PBXVariantGroup section */

/* Begin XCBuildConfiguration section */
		7F39FD8F1A90ECA5004C7C09 /* Debug */ = {
			isa = XCBuildConfiguration;
			buildSettings = {
				ALWAYS_SEARCH_USER_PATHS = NO;
				CLANG_CXX_LANGUAGE_STANDARD = "gnu++0x";
				CLANG_CXX_LIBRARY = "libc++";
				CLANG_ENABLE_MODULES = YES;
				CLANG_ENABLE_OBJC_ARC = YES;
				CLANG_WARN_BOOL_CONVERSION = YES;
				CLANG_WARN_CONSTANT_CONVERSION = YES;
				CLANG_WARN_DIRECT_OBJC_ISA_USAGE = YES_ERROR;
				CLANG_WARN_EMPTY_BODY = YES;
				CLANG_WARN_ENUM_CONVERSION = YES;
				CLANG_WARN_INT_CONVERSION = YES;
				CLANG_WARN_OBJC_ROOT_CLASS = YES_ERROR;
				CLANG_WARN_UNREACHABLE_CODE = YES;
				CLANG_WARN__DUPLICATE_METHOD_MATCH = YES;
				"CODE_SIGN_IDENTITY[sdk=iphoneos*]" = "iPhone Developer";
				COPY_PHASE_STRIP = NO;
				ENABLE_STRICT_OBJC_MSGSEND = YES;
				GCC_C_LANGUAGE_STANDARD = gnu99;
				GCC_DYNAMIC_NO_PIC = NO;
				GCC_OPTIMIZATION_LEVEL = 0;
				GCC_PREPROCESSOR_DEFINITIONS = (
					"DEBUG=1",
					"$(inherited)",
				);
				GCC_SYMBOLS_PRIVATE_EXTERN = NO;
				GCC_WARN_64_TO_32_BIT_CONVERSION = YES;
				GCC_WARN_ABOUT_RETURN_TYPE = YES_ERROR;
				GCC_WARN_UNDECLARED_SELECTOR = YES;
				GCC_WARN_UNINITIALIZED_AUTOS = YES_AGGRESSIVE;
				GCC_WARN_UNUSED_FUNCTION = YES;
				GCC_WARN_UNUSED_VARIABLE = YES;
				IPHONEOS_DEPLOYMENT_TARGET = 8.1;
				MTL_ENABLE_DEBUG_INFO = YES;
				ONLY_ACTIVE_ARCH = YES;
				SDKROOT = iphoneos;
				SWIFT_OPTIMIZATION_LEVEL = "-Onone";
			};
			name = Debug;
		};
		7F39FD901A90ECA5004C7C09 /* Release */ = {
			isa = XCBuildConfiguration;
			buildSettings = {
				ALWAYS_SEARCH_USER_PATHS = NO;
				CLANG_CXX_LANGUAGE_STANDARD = "gnu++0x";
				CLANG_CXX_LIBRARY = "libc++";
				CLANG_ENABLE_MODULES = YES;
				CLANG_ENABLE_OBJC_ARC = YES;
				CLANG_WARN_BOOL_CONVERSION = YES;
				CLANG_WARN_CONSTANT_CONVERSION = YES;
				CLANG_WARN_DIRECT_OBJC_ISA_USAGE = YES_ERROR;
				CLANG_WARN_EMPTY_BODY = YES;
				CLANG_WARN_ENUM_CONVERSION = YES;
				CLANG_WARN_INT_CONVERSION = YES;
				CLANG_WARN_OBJC_ROOT_CLASS = YES_ERROR;
				CLANG_WARN_UNREACHABLE_CODE = YES;
				CLANG_WARN__DUPLICATE_METHOD_MATCH = YES;
				"CODE_SIGN_IDENTITY[sdk=iphoneos*]" = "iPhone Developer";
				COPY_PHASE_STRIP = YES;
				ENABLE_NS_ASSERTIONS = NO;
				ENABLE_STRICT_OBJC_MSGSEND = YES;
				GCC_C_LANGUAGE_STANDARD = gnu99;
				GCC_WARN_64_TO_32_BIT_CONVERSION = YES;
				GCC_WARN_ABOUT_RETURN_TYPE = YES_ERROR;
				GCC_WARN_UNDECLARED_SELECTOR = YES;
				GCC_WARN_UNINITIALIZED_AUTOS = YES_AGGRESSIVE;
				GCC_WARN_UNUSED_FUNCTION = YES;
				GCC_WARN_UNUSED_VARIABLE = YES;
				IPHONEOS_DEPLOYMENT_TARGET = 8.1;
				MTL_ENABLE_DEBUG_INFO = NO;
				SDKROOT = iphoneos;
				VALIDATE_PRODUCT = YES;
			};
			name = Release;
		};
		7F39FD921A90ECA5004C7C09 /* Debug */ = {
			isa = XCBuildConfiguration;
			buildSettings = {
				ASSETCATALOG_COMPILER_APPICON_NAME = AppIcon;
				INFOPLIST_FILE = "Calculator Midterm/Info.plist";
				LD_RUNPATH_SEARCH_PATHS = "$(inherited) @executable_path/Frameworks";
				PRODUCT_NAME = "$(TARGET_NAME)";
			};
			name = Debug;
		};
		7F39FD931A90ECA5004C7C09 /* Release */ = {
			isa = XCBuildConfiguration;
			buildSettings = {
				ASSETCATALOG_COMPILER_APPICON_NAME = AppIcon;
				INFOPLIST_FILE = "Calculator Midterm/Info.plist";
				LD_RUNPATH_SEARCH_PATHS = "$(inherited) @executable_path/Frameworks";
				PRODUCT_NAME = "$(TARGET_NAME)";
			};
			name = Release;
		};
		7F39FD951A90ECA5004C7C09 /* Debug */ = {
			isa = XCBuildConfiguration;
			buildSettings = {
				BUNDLE_LOADER = "$(TEST_HOST)";
				FRAMEWORK_SEARCH_PATHS = (
					"$(SDKROOT)/Developer/Library/Frameworks",
					"$(inherited)",
				);
				GCC_PREPROCESSOR_DEFINITIONS = (
					"DEBUG=1",
					"$(inherited)",
				);
				INFOPLIST_FILE = "Calculator MidtermTests/Info.plist";
				LD_RUNPATH_SEARCH_PATHS = "$(inherited) @executable_path/Frameworks @loader_path/Frameworks";
				PRODUCT_NAME = "$(TARGET_NAME)";
				TEST_HOST = "$(BUILT_PRODUCTS_DIR)/Calculator Midterm.app/Calculator Midterm";
			};
			name = Debug;
		};
		7F39FD961A90ECA5004C7C09 /* Release */ = {
			isa = XCBuildConfiguration;
			buildSettings = {
				BUNDLE_LOADER = "$(TEST_HOST)";
				FRAMEWORK_SEARCH_PATHS = (
					"$(SDKROOT)/Developer/Library/Frameworks",
					"$(inherited)",
				);
				INFOPLIST_FILE = "Calculator MidtermTests/Info.plist";
				LD_RUNPATH_SEARCH_PATHS = "$(inherited) @executable_path/Frameworks @loader_path/Frameworks";
				PRODUCT_NAME = "$(TARGET_NAME)";
				TEST_HOST = "$(BUILT_PRODUCTS_DIR)/Calculator Midterm.app/Calculator Midterm";
			};
			name = Release;
		};
/* End XCBuildConfiguration section */

/* Begin XCConfigurationList section */
		7F39FD6D1A90ECA5004C7C09 /* Build configuration list for PBXProject "Calculator Midterm" */ = {
			isa = XCConfigurationList;
			buildConfigurations = (
				7F39FD8F1A90ECA5004C7C09 /* Debug */,
				7F39FD901A90ECA5004C7C09 /* Release */,
			);
			defaultConfigurationIsVisible = 0;
			defaultConfigurationName = Release;
		};
		7F39FD911A90ECA5004C7C09 /* Build configuration list for PBXNativeTarget "Calculator Midterm" */ = {
			isa = XCConfigurationList;
			buildConfigurations = (
				7F39FD921A90ECA5004C7C09 /* Debug */,
				7F39FD931A90ECA5004C7C09 /* Release */,
			);
			defaultConfigurationIsVisible = 0;
			defaultConfigurationName = Release;
		};
		7F39FD941A90ECA5004C7C09 /* Build configuration list for PBXNativeTarget "Calculator MidtermTests" */ = {
			isa = XCConfigurationList;
			buildConfigurations = (
				7F39FD951A90ECA5004C7C09 /* Debug */,
				7F39FD961A90ECA5004C7C09 /* Release */,
			);
			defaultConfigurationIsVisible = 0;
			defaultConfigurationName = Release;
		};
/* End XCConfigurationList section */
	};
	rootObject = 7F39FD6A1A90ECA5004C7C09 /* Project object */;
}
